// !$*UTF8*$!
{
	archiveVersion = 1;
	classes = {
	};
	objectVersion = 50;
	objects = {

/* Begin PBXBuildFile section */
		1B0D770A24DD62CB00D69369 /* CommonMethods.swift in Sources */ = {isa = PBXBuildFile; fileRef = 1B0D770924DD62CB00D69369 /* CommonMethods.swift */; };
		1B0D770D24DD7AC700D69369 /* LoginViewModel.swift in Sources */ = {isa = PBXBuildFile; fileRef = 1B0D770C24DD7AC700D69369 /* LoginViewModel.swift */; };
		1B9469DF24DD20280089F602 /* AppConstants.swift in Sources */ = {isa = PBXBuildFile; fileRef = 1B9469DE24DD20280089F602 /* AppConstants.swift */; };
		1B9469E424DD369D0089F602 /* CommonViewController.swift in Sources */ = {isa = PBXBuildFile; fileRef = 1B9469E324DD369D0089F602 /* CommonViewController.swift */; };
		1B9469E824DD3FC50089F602 /* LoginViewController.swift in Sources */ = {isa = PBXBuildFile; fileRef = 1B9469E724DD3FC50089F602 /* LoginViewController.swift */; };
		1BC206E324DBEA85005215A1 /* AppDelegate.swift in Sources */ = {isa = PBXBuildFile; fileRef = 1BC206E224DBEA85005215A1 /* AppDelegate.swift */; };
		1BC206E524DBEA85005215A1 /* SceneDelegate.swift in Sources */ = {isa = PBXBuildFile; fileRef = 1BC206E424DBEA85005215A1 /* SceneDelegate.swift */; };
		1BC206EA24DBEA85005215A1 /* Main.storyboard in Resources */ = {isa = PBXBuildFile; fileRef = 1BC206E824DBEA85005215A1 /* Main.storyboard */; };
		1BC206EC24DBEA87005215A1 /* Assets.xcassets in Resources */ = {isa = PBXBuildFile; fileRef = 1BC206EB24DBEA87005215A1 /* Assets.xcassets */; };
		1BC206EF24DBEA87005215A1 /* LaunchScreen.storyboard in Resources */ = {isa = PBXBuildFile; fileRef = 1BC206ED24DBEA87005215A1 /* LaunchScreen.storyboard */; };
		1BC206FA24DBEA88005215A1 /* MISTests.swift in Sources */ = {isa = PBXBuildFile; fileRef = 1BC206F924DBEA88005215A1 /* MISTests.swift */; };
		1BC2070524DBEA88005215A1 /* MISUITests.swift in Sources */ = {isa = PBXBuildFile; fileRef = 1BC2070424DBEA88005215A1 /* MISUITests.swift */; };
		1BE60BB224DC4D1C006FB710 /* LandingViewController.swift in Sources */ = {isa = PBXBuildFile; fileRef = 1BE60BB124DC4D1C006FB710 /* LandingViewController.swift */; };
		1BE7371424DEBF86007F01F5 /* gotham_bold.ttf in Resources */ = {isa = PBXBuildFile; fileRef = 1BE7371224DEBF86007F01F5 /* gotham_bold.ttf */; };
		1BE7371524DEBF86007F01F5 /* gotham_light.ttf in Resources */ = {isa = PBXBuildFile; fileRef = 1BE7371324DEBF86007F01F5 /* gotham_light.ttf */; };
/* End PBXBuildFile section */

/* Begin PBXContainerItemProxy section */
		1BC206F624DBEA88005215A1 /* PBXContainerItemProxy */ = {
			isa = PBXContainerItemProxy;
			containerPortal = 1BC206D724DBEA85005215A1 /* Project object */;
			proxyType = 1;
			remoteGlobalIDString = 1BC206DE24DBEA85005215A1;
			remoteInfo = MIS;
		};
		1BC2070124DBEA88005215A1 /* PBXContainerItemProxy */ = {
			isa = PBXContainerItemProxy;
			containerPortal = 1BC206D724DBEA85005215A1 /* Project object */;
			proxyType = 1;
			remoteGlobalIDString = 1BC206DE24DBEA85005215A1;
			remoteInfo = MIS;
		};
/* End PBXContainerItemProxy section */

/* Begin PBXFileReference section */
		1B0D770924DD62CB00D69369 /* CommonMethods.swift */ = {isa = PBXFileReference; lastKnownFileType = sourcecode.swift; path = CommonMethods.swift; sourceTree = "<group>"; };
		1B0D770C24DD7AC700D69369 /* LoginViewModel.swift */ = {isa = PBXFileReference; lastKnownFileType = sourcecode.swift; path = LoginViewModel.swift; sourceTree = "<group>"; };
		1B9469DE24DD20280089F602 /* AppConstants.swift */ = {isa = PBXFileReference; lastKnownFileType = sourcecode.swift; path = AppConstants.swift; sourceTree = "<group>"; };
		1B9469E324DD369D0089F602 /* CommonViewController.swift */ = {isa = PBXFileReference; lastKnownFileType = sourcecode.swift; path = CommonViewController.swift; sourceTree = "<group>"; };
		1B9469E724DD3FC50089F602 /* LoginViewController.swift */ = {isa = PBXFileReference; lastKnownFileType = sourcecode.swift; path = LoginViewController.swift; sourceTree = "<group>"; };
		1BC206DF24DBEA85005215A1 /* MIS.app */ = {isa = PBXFileReference; explicitFileType = wrapper.application; includeInIndex = 0; path = MIS.app; sourceTree = BUILT_PRODUCTS_DIR; };
		1BC206E224DBEA85005215A1 /* AppDelegate.swift */ = {isa = PBXFileReference; lastKnownFileType = sourcecode.swift; path = AppDelegate.swift; sourceTree = "<group>"; };
		1BC206E424DBEA85005215A1 /* SceneDelegate.swift */ = {isa = PBXFileReference; lastKnownFileType = sourcecode.swift; path = SceneDelegate.swift; sourceTree = "<group>"; };
		1BC206E924DBEA85005215A1 /* Base */ = {isa = PBXFileReference; lastKnownFileType = file.storyboard; name = Base; path = Base.lproj/Main.storyboard; sourceTree = "<group>"; };
		1BC206EB24DBEA87005215A1 /* Assets.xcassets */ = {isa = PBXFileReference; lastKnownFileType = folder.assetcatalog; path = Assets.xcassets; sourceTree = "<group>"; };
		1BC206EE24DBEA87005215A1 /* Base */ = {isa = PBXFileReference; lastKnownFileType = file.storyboard; name = Base; path = Base.lproj/LaunchScreen.storyboard; sourceTree = "<group>"; };
		1BC206F024DBEA87005215A1 /* Info.plist */ = {isa = PBXFileReference; lastKnownFileType = text.plist.xml; path = Info.plist; sourceTree = "<group>"; };
		1BC206F524DBEA88005215A1 /* MISTests.xctest */ = {isa = PBXFileReference; explicitFileType = wrapper.cfbundle; includeInIndex = 0; path = MISTests.xctest; sourceTree = BUILT_PRODUCTS_DIR; };
		1BC206F924DBEA88005215A1 /* MISTests.swift */ = {isa = PBXFileReference; lastKnownFileType = sourcecode.swift; path = MISTests.swift; sourceTree = "<group>"; };
		1BC206FB24DBEA88005215A1 /* Info.plist */ = {isa = PBXFileReference; lastKnownFileType = text.plist.xml; path = Info.plist; sourceTree = "<group>"; };
		1BC2070024DBEA88005215A1 /* MISUITests.xctest */ = {isa = PBXFileReference; explicitFileType = wrapper.cfbundle; includeInIndex = 0; path = MISUITests.xctest; sourceTree = BUILT_PRODUCTS_DIR; };
		1BC2070424DBEA88005215A1 /* MISUITests.swift */ = {isa = PBXFileReference; lastKnownFileType = sourcecode.swift; path = MISUITests.swift; sourceTree = "<group>"; };
		1BC2070624DBEA88005215A1 /* Info.plist */ = {isa = PBXFileReference; lastKnownFileType = text.plist.xml; path = Info.plist; sourceTree = "<group>"; };
		1BE60BB124DC4D1C006FB710 /* LandingViewController.swift */ = {isa = PBXFileReference; lastKnownFileType = sourcecode.swift; path = LandingViewController.swift; sourceTree = "<group>"; };
		1BE7371224DEBF86007F01F5 /* gotham_bold.ttf */ = {isa = PBXFileReference; lastKnownFileType = file; path = gotham_bold.ttf; sourceTree = "<group>"; };
		1BE7371324DEBF86007F01F5 /* gotham_light.ttf */ = {isa = PBXFileReference; lastKnownFileType = file; path = gotham_light.ttf; sourceTree = "<group>"; };
/* End PBXFileReference section */

/* Begin PBXFrameworksBuildPhase section */
		1BC206DC24DBEA85005215A1 /* Frameworks */ = {
			isa = PBXFrameworksBuildPhase;
			buildActionMask = 2147483647;
			files = (
			);
			runOnlyForDeploymentPostprocessing = 0;
		};
		1BC206F224DBEA88005215A1 /* Frameworks */ = {
			isa = PBXFrameworksBuildPhase;
			buildActionMask = 2147483647;
			files = (
			);
			runOnlyForDeploymentPostprocessing = 0;
		};
		1BC206FD24DBEA88005215A1 /* Frameworks */ = {
			isa = PBXFrameworksBuildPhase;
			buildActionMask = 2147483647;
			files = (
			);
			runOnlyForDeploymentPostprocessing = 0;
		};
/* End PBXFrameworksBuildPhase section */

/* Begin PBXGroup section */
		1B0D770B24DD7AB200D69369 /* ViewModel */ = {
			isa = PBXGroup;
			children = (
				1B0D770C24DD7AC700D69369 /* LoginViewModel.swift */,
			);
			path = ViewModel;
			sourceTree = "<group>";
		};
		1B9469D924DD186C0089F602 /* Fonts */ = {
			isa = PBXGroup;
			children = (
				1BE7371224DEBF86007F01F5 /* gotham_bold.ttf */,
				1BE7371324DEBF86007F01F5 /* gotham_light.ttf */,
			);
			path = Fonts;
			sourceTree = "<group>";
		};
		1B9469E524DD3F970089F602 /* Login */ = {
			isa = PBXGroup;
			children = (
				1B0D770B24DD7AB200D69369 /* ViewModel */,
				1B9469E624DD3FAE0089F602 /* Controller */,
			);
			path = Login;
			sourceTree = "<group>";
		};
		1B9469E624DD3FAE0089F602 /* Controller */ = {
			isa = PBXGroup;
			children = (
				1B9469E724DD3FC50089F602 /* LoginViewController.swift */,
			);
			path = Controller;
			sourceTree = "<group>";
		};
		1BC206D624DBEA84005215A1 = {
			isa = PBXGroup;
			children = (
				1BC206E124DBEA85005215A1 /* MIS */,
				1BC206F824DBEA88005215A1 /* MISTests */,
				1BC2070324DBEA88005215A1 /* MISUITests */,
				1BC206E024DBEA85005215A1 /* Products */,
			);
			sourceTree = "<group>";
		};
		1BC206E024DBEA85005215A1 /* Products */ = {
			isa = PBXGroup;
			children = (
				1BC206DF24DBEA85005215A1 /* MIS.app */,
				1BC206F524DBEA88005215A1 /* MISTests.xctest */,
				1BC2070024DBEA88005215A1 /* MISUITests.xctest */,
			);
			name = Products;
			sourceTree = "<group>";
		};
		1BC206E124DBEA85005215A1 /* MIS */ = {
			isa = PBXGroup;
			children = (
				1B9469D924DD186C0089F602 /* Fonts */,
				1BE60BAD24DC44BF006FB710 /* Screens */,
				1BC206E224DBEA85005215A1 /* AppDelegate.swift */,
				1BC206E424DBEA85005215A1 /* SceneDelegate.swift */,
				1BC206E824DBEA85005215A1 /* Main.storyboard */,
				1BC206EB24DBEA87005215A1 /* Assets.xcassets */,
				1BC206ED24DBEA87005215A1 /* LaunchScreen.storyboard */,
				1BC206F024DBEA87005215A1 /* Info.plist */,
			);
			path = MIS;
			sourceTree = "<group>";
		};
		1BC206F824DBEA88005215A1 /* MISTests */ = {
			isa = PBXGroup;
			children = (
				1BC206F924DBEA88005215A1 /* MISTests.swift */,
				1BC206FB24DBEA88005215A1 /* Info.plist */,
			);
			path = MISTests;
			sourceTree = "<group>";
		};
		1BC2070324DBEA88005215A1 /* MISUITests */ = {
			isa = PBXGroup;
			children = (
				1BC2070424DBEA88005215A1 /* MISUITests.swift */,
				1BC2070624DBEA88005215A1 /* Info.plist */,
			);
			path = MISUITests;
			sourceTree = "<group>";
		};
		1BE60BAD24DC44BF006FB710 /* Screens */ = {
			isa = PBXGroup;
			children = (
				1B9469E524DD3F970089F602 /* Login */,
				1BE60BAF24DC45D2006FB710 /* LandingViewController */,
				1BE60BAE24DC45B7006FB710 /* Common */,
			);
			path = Screens;
			sourceTree = "<group>";
		};
		1BE60BAE24DC45B7006FB710 /* Common */ = {
			isa = PBXGroup;
			children = (
				1B9469DE24DD20280089F602 /* AppConstants.swift */,
				1B9469E324DD369D0089F602 /* CommonViewController.swift */,
				1B0D770924DD62CB00D69369 /* CommonMethods.swift */,
			);
			path = Common;
			sourceTree = "<group>";
		};
		1BE60BAF24DC45D2006FB710 /* LandingViewController */ = {
			isa = PBXGroup;
			children = (
				1BE60BB024DC4D05006FB710 /* Controller */,
			);
			path = LandingViewController;
			sourceTree = "<group>";
		};
		1BE60BB024DC4D05006FB710 /* Controller */ = {
			isa = PBXGroup;
			children = (
				1BE60BB124DC4D1C006FB710 /* LandingViewController.swift */,
			);
			path = Controller;
			sourceTree = "<group>";
		};
/* End PBXGroup section */

/* Begin PBXNativeTarget section */
		1BC206DE24DBEA85005215A1 /* MIS */ = {
			isa = PBXNativeTarget;
			buildConfigurationList = 1BC2070924DBEA88005215A1 /* Build configuration list for PBXNativeTarget "MIS" */;
			buildPhases = (
				1BC206DB24DBEA85005215A1 /* Sources */,
				1BC206DC24DBEA85005215A1 /* Frameworks */,
				1BC206DD24DBEA85005215A1 /* Resources */,
			);
			buildRules = (
			);
			dependencies = (
			);
			name = MIS;
			productName = MIS;
			productReference = 1BC206DF24DBEA85005215A1 /* MIS.app */;
			productType = "com.apple.product-type.application";
		};
		1BC206F424DBEA88005215A1 /* MISTests */ = {
			isa = PBXNativeTarget;
			buildConfigurationList = 1BC2070C24DBEA88005215A1 /* Build configuration list for PBXNativeTarget "MISTests" */;
			buildPhases = (
				1BC206F124DBEA88005215A1 /* Sources */,
				1BC206F224DBEA88005215A1 /* Frameworks */,
				1BC206F324DBEA88005215A1 /* Resources */,
			);
			buildRules = (
			);
			dependencies = (
				1BC206F724DBEA88005215A1 /* PBXTargetDependency */,
			);
			name = MISTests;
			productName = MISTests;
			productReference = 1BC206F524DBEA88005215A1 /* MISTests.xctest */;
			productType = "com.apple.product-type.bundle.unit-test";
		};
		1BC206FF24DBEA88005215A1 /* MISUITests */ = {
			isa = PBXNativeTarget;
			buildConfigurationList = 1BC2070F24DBEA88005215A1 /* Build configuration list for PBXNativeTarget "MISUITests" */;
			buildPhases = (
				1BC206FC24DBEA88005215A1 /* Sources */,
				1BC206FD24DBEA88005215A1 /* Frameworks */,
				1BC206FE24DBEA88005215A1 /* Resources */,
			);
			buildRules = (
			);
			dependencies = (
				1BC2070224DBEA88005215A1 /* PBXTargetDependency */,
			);
			name = MISUITests;
			productName = MISUITests;
			productReference = 1BC2070024DBEA88005215A1 /* MISUITests.xctest */;
			productType = "com.apple.product-type.bundle.ui-testing";
		};
/* End PBXNativeTarget section */

/* Begin PBXProject section */
		1BC206D724DBEA85005215A1 /* Project object */ = {
			isa = PBXProject;
			attributes = {
				LastSwiftUpdateCheck = 1120;
				LastUpgradeCheck = 1120;
				ORGANIZATIONNAME = Wakralab;
				TargetAttributes = {
					1BC206DE24DBEA85005215A1 = {
						CreatedOnToolsVersion = 11.2.1;
					};
					1BC206F424DBEA88005215A1 = {
						CreatedOnToolsVersion = 11.2.1;
						TestTargetID = 1BC206DE24DBEA85005215A1;
					};
					1BC206FF24DBEA88005215A1 = {
						CreatedOnToolsVersion = 11.2.1;
						TestTargetID = 1BC206DE24DBEA85005215A1;
					};
				};
			};
			buildConfigurationList = 1BC206DA24DBEA85005215A1 /* Build configuration list for PBXProject "MIS" */;
			compatibilityVersion = "Xcode 9.3";
			developmentRegion = en;
			hasScannedForEncodings = 0;
			knownRegions = (
				en,
				Base,
			);
			mainGroup = 1BC206D624DBEA84005215A1;
			productRefGroup = 1BC206E024DBEA85005215A1 /* Products */;
			projectDirPath = "";
			projectRoot = "";
			targets = (
				1BC206DE24DBEA85005215A1 /* MIS */,
				1BC206F424DBEA88005215A1 /* MISTests */,
				1BC206FF24DBEA88005215A1 /* MISUITests */,
			);
		};
/* End PBXProject section */

/* Begin PBXResourcesBuildPhase section */
		1BC206DD24DBEA85005215A1 /* Resources */ = {
			isa = PBXResourcesBuildPhase;
			buildActionMask = 2147483647;
			files = (
				1BE7371524DEBF86007F01F5 /* gotham_light.ttf in Resources */,
				1BC206EF24DBEA87005215A1 /* LaunchScreen.storyboard in Resources */,
				1BC206EC24DBEA87005215A1 /* Assets.xcassets in Resources */,
				1BE7371424DEBF86007F01F5 /* gotham_bold.ttf in Resources */,
				1BC206EA24DBEA85005215A1 /* Main.storyboard in Resources */,
			);
			runOnlyForDeploymentPostprocessing = 0;
		};
		1BC206F324DBEA88005215A1 /* Resources */ = {
			isa = PBXResourcesBuildPhase;
			buildActionMask = 2147483647;
			files = (
			);
			runOnlyForDeploymentPostprocessing = 0;
		};
		1BC206FE24DBEA88005215A1 /* Resources */ = {
			isa = PBXResourcesBuildPhase;
			buildActionMask = 2147483647;
			files = (
			);
			runOnlyForDeploymentPostprocessing = 0;
		};
/* End PBXResourcesBuildPhase section */

/* Begin PBXSourcesBuildPhase section */
		1BC206DB24DBEA85005215A1 /* Sources */ = {
			isa = PBXSourcesBuildPhase;
			buildActionMask = 2147483647;
			files = (
				1B9469E824DD3FC50089F602 /* LoginViewController.swift in Sources */,
				1BC206E324DBEA85005215A1 /* AppDelegate.swift in Sources */,
				1B0D770A24DD62CB00D69369 /* CommonMethods.swift in Sources */,
				1BE60BB224DC4D1C006FB710 /* LandingViewController.swift in Sources */,
				1B9469E424DD369D0089F602 /* CommonViewController.swift in Sources */,
				1BC206E524DBEA85005215A1 /* SceneDelegate.swift in Sources */,
				1B9469DF24DD20280089F602 /* AppConstants.swift in Sources */,
				1B0D770D24DD7AC700D69369 /* LoginViewModel.swift in Sources */,
			);
			runOnlyForDeploymentPostprocessing = 0;
		};
		1BC206F124DBEA88005215A1 /* Sources */ = {
			isa = PBXSourcesBuildPhase;
			buildActionMask = 2147483647;
			files = (
				1BC206FA24DBEA88005215A1 /* MISTests.swift in Sources */,
			);
			runOnlyForDeploymentPostprocessing = 0;
		};
		1BC206FC24DBEA88005215A1 /* Sources */ = {
			isa = PBXSourcesBuildPhase;
			buildActionMask = 2147483647;
			files = (
				1BC2070524DBEA88005215A1 /* MISUITests.swift in Sources */,
			);
			runOnlyForDeploymentPostprocessing = 0;
		};
/* End PBXSourcesBuildPhase section */

/* Begin PBXTargetDependency section */
		1BC206F724DBEA88005215A1 /* PBXTargetDependency */ = {
			isa = PBXTargetDependency;
			target = 1BC206DE24DBEA85005215A1 /* MIS */;
			targetProxy = 1BC206F624DBEA88005215A1 /* PBXContainerItemProxy */;
		};
		1BC2070224DBEA88005215A1 /* PBXTargetDependency */ = {
			isa = PBXTargetDependency;
			target = 1BC206DE24DBEA85005215A1 /* MIS */;
			targetProxy = 1BC2070124DBEA88005215A1 /* PBXContainerItemProxy */;
		};
/* End PBXTargetDependency section */

/* Begin PBXVariantGroup section */
		1BC206E824DBEA85005215A1 /* Main.storyboard */ = {
			isa = PBXVariantGroup;
			children = (
				1BC206E924DBEA85005215A1 /* Base */,
			);
			name = Main.storyboard;
			sourceTree = "<group>";
		};
		1BC206ED24DBEA87005215A1 /* LaunchScreen.storyboard */ = {
			isa = PBXVariantGroup;
			children = (
				1BC206EE24DBEA87005215A1 /* Base */,
			);
			name = LaunchScreen.storyboard;
			sourceTree = "<group>";
		};
/* End PBXVariantGroup section */

/* Begin XCBuildConfiguration section */
		1BC2070724DBEA88005215A1 /* Debug */ = {
			isa = XCBuildConfiguration;
			buildSettings = {
				ALWAYS_SEARCH_USER_PATHS = NO;
				CLANG_ANALYZER_NONNULL = YES;
				CLANG_ANALYZER_NUMBER_OBJECT_CONVERSION = YES_AGGRESSIVE;
				CLANG_CXX_LANGUAGE_STANDARD = "gnu++14";
				CLANG_CXX_LIBRARY = "libc++";
				CLANG_ENABLE_MODULES = YES;
				CLANG_ENABLE_OBJC_ARC = YES;
				CLANG_ENABLE_OBJC_WEAK = YES;
				CLANG_WARN_BLOCK_CAPTURE_AUTORELEASING = YES;
				CLANG_WARN_BOOL_CONVERSION = YES;
				CLANG_WARN_COMMA = YES;
				CLANG_WARN_CONSTANT_CONVERSION = YES;
				CLANG_WARN_DEPRECATED_OBJC_IMPLEMENTATIONS = YES;
				CLANG_WARN_DIRECT_OBJC_ISA_USAGE = YES_ERROR;
				CLANG_WARN_DOCUMENTATION_COMMENTS = YES;
				CLANG_WARN_EMPTY_BODY = YES;
				CLANG_WARN_ENUM_CONVERSION = YES;
				CLANG_WARN_INFINITE_RECURSION = YES;
				CLANG_WARN_INT_CONVERSION = YES;
				CLANG_WARN_NON_LITERAL_NULL_CONVERSION = YES;
				CLANG_WARN_OBJC_IMPLICIT_RETAIN_SELF = YES;
				CLANG_WARN_OBJC_LITERAL_CONVERSION = YES;
				CLANG_WARN_OBJC_ROOT_CLASS = YES_ERROR;
				CLANG_WARN_RANGE_LOOP_ANALYSIS = YES;
				CLANG_WARN_STRICT_PROTOTYPES = YES;
				CLANG_WARN_SUSPICIOUS_MOVE = YES;
				CLANG_WARN_UNGUARDED_AVAILABILITY = YES_AGGRESSIVE;
				CLANG_WARN_UNREACHABLE_CODE = YES;
				CLANG_WARN__DUPLICATE_METHOD_MATCH = YES;
				COPY_PHASE_STRIP = NO;
				DEBUG_INFORMATION_FORMAT = dwarf;
				ENABLE_STRICT_OBJC_MSGSEND = YES;
				ENABLE_TESTABILITY = YES;
				GCC_C_LANGUAGE_STANDARD = gnu11;
				GCC_DYNAMIC_NO_PIC = NO;
				GCC_NO_COMMON_BLOCKS = YES;
				GCC_OPTIMIZATION_LEVEL = 0;
				GCC_PREPROCESSOR_DEFINITIONS = (
					"DEBUG=1",
					"$(inherited)",
				);
				GCC_WARN_64_TO_32_BIT_CONVERSION = YES;
				GCC_WARN_ABOUT_RETURN_TYPE = YES_ERROR;
				GCC_WARN_UNDECLARED_SELECTOR = YES;
				GCC_WARN_UNINITIALIZED_AUTOS = YES_AGGRESSIVE;
				GCC_WARN_UNUSED_FUNCTION = YES;
				GCC_WARN_UNUSED_VARIABLE = YES;
				IPHONEOS_DEPLOYMENT_TARGET = 13.2;
				MTL_ENABLE_DEBUG_INFO = INCLUDE_SOURCE;
				MTL_FAST_MATH = YES;
				ONLY_ACTIVE_ARCH = YES;
				SDKROOT = iphoneos;
				SWIFT_ACTIVE_COMPILATION_CONDITIONS = DEBUG;
				SWIFT_OPTIMIZATION_LEVEL = "-Onone";
			};
			name = Debug;
		};
		1BC2070824DBEA88005215A1 /* Release */ = {
			isa = XCBuildConfiguration;
			buildSettings = {
				ALWAYS_SEARCH_USER_PATHS = NO;
				CLANG_ANALYZER_NONNULL = YES;
				CLANG_ANALYZER_NUMBER_OBJECT_CONVERSION = YES_AGGRESSIVE;
				CLANG_CXX_LANGUAGE_STANDARD = "gnu++14";
				CLANG_CXX_LIBRARY = "libc++";
				CLANG_ENABLE_MODULES = YES;
				CLANG_ENABLE_OBJC_ARC = YES;
				CLANG_ENABLE_OBJC_WEAK = YES;
				CLANG_WARN_BLOCK_CAPTURE_AUTORELEASING = YES;
				CLANG_WARN_BOOL_CONVERSION = YES;
				CLANG_WARN_COMMA = YES;
				CLANG_WARN_CONSTANT_CONVERSION = YES;
				CLANG_WARN_DEPRECATED_OBJC_IMPLEMENTATIONS = YES;
				CLANG_WARN_DIRECT_OBJC_ISA_USAGE = YES_ERROR;
				CLANG_WARN_DOCUMENTATION_COMMENTS = YES;
				CLANG_WARN_EMPTY_BODY = YES;
				CLANG_WARN_ENUM_CONVERSION = YES;
				CLANG_WARN_INFINITE_RECURSION = YES;
				CLANG_WARN_INT_CONVERSION = YES;
				CLANG_WARN_NON_LITERAL_NULL_CONVERSION = YES;
				CLANG_WARN_OBJC_IMPLICIT_RETAIN_SELF = YES;
				CLANG_WARN_OBJC_LITERAL_CONVERSION = YES;
				CLANG_WARN_OBJC_ROOT_CLASS = YES_ERROR;
				CLANG_WARN_RANGE_LOOP_ANALYSIS = YES;
				CLANG_WARN_STRICT_PROTOTYPES = YES;
				CLANG_WARN_SUSPICIOUS_MOVE = YES;
				CLANG_WARN_UNGUARDED_AVAILABILITY = YES_AGGRESSIVE;
				CLANG_WARN_UNREACHABLE_CODE = YES;
				CLANG_WARN__DUPLICATE_METHOD_MATCH = YES;
				COPY_PHASE_STRIP = NO;
				DEBUG_INFORMATION_FORMAT = "dwarf-with-dsym";
				ENABLE_NS_ASSERTIONS = NO;
				ENABLE_STRICT_OBJC_MSGSEND = YES;
				GCC_C_LANGUAGE_STANDARD = gnu11;
				GCC_NO_COMMON_BLOCKS = YES;
				GCC_WARN_64_TO_32_BIT_CONVERSION = YES;
				GCC_WARN_ABOUT_RETURN_TYPE = YES_ERROR;
				GCC_WARN_UNDECLARED_SELECTOR = YES;
				GCC_WARN_UNINITIALIZED_AUTOS = YES_AGGRESSIVE;
				GCC_WARN_UNUSED_FUNCTION = YES;
				GCC_WARN_UNUSED_VARIABLE = YES;
				IPHONEOS_DEPLOYMENT_TARGET = 13.2;
				MTL_ENABLE_DEBUG_INFO = NO;
				MTL_FAST_MATH = YES;
				SDKROOT = iphoneos;
				SWIFT_COMPILATION_MODE = wholemodule;
				SWIFT_OPTIMIZATION_LEVEL = "-O";
				VALIDATE_PRODUCT = YES;
			};
			name = Release;
		};
		1BC2070A24DBEA88005215A1 /* Debug */ = {
			isa = XCBuildConfiguration;
			buildSettings = {
				ASSETCATALOG_COMPILER_APPICON_NAME = AppIcon;
				CODE_SIGN_STYLE = Automatic;
				DEVELOPMENT_TEAM = RS529R9N6Z;
				INFOPLIST_FILE = MIS/Info.plist;
				IPHONEOS_DEPLOYMENT_TARGET = 9.0;
				LD_RUNPATH_SEARCH_PATHS = (
					"$(inherited)",
					"@executable_path/Frameworks",
				);
				PRODUCT_BUNDLE_IDENTIFIER = com.wakralab.MIS;
				PRODUCT_NAME = "$(TARGET_NAME)";
				SWIFT_VERSION = 5.0;
				TARGETED_DEVICE_FAMILY = "1,2";
			};
			name = Debug;
		};
		1BC2070B24DBEA88005215A1 /* Release */ = {
			isa = XCBuildConfiguration;
			buildSettings = {
				ASSETCATALOG_COMPILER_APPICON_NAME = AppIcon;
				CODE_SIGN_STYLE = Automatic;
				DEVELOPMENT_TEAM = RS529R9N6Z;
				INFOPLIST_FILE = MIS/Info.plist;
				IPHONEOS_DEPLOYMENT_TARGET = 9.0;
				LD_RUNPATH_SEARCH_PATHS = (
					"$(inherited)",
					"@executable_path/Frameworks",
				);
				PRODUCT_BUNDLE_IDENTIFIER = com.wakralab.MIS;
				PRODUCT_NAME = "$(TARGET_NAME)";
				SWIFT_VERSION = 5.0;
				TARGETED_DEVICE_FAMILY = "1,2";
			};
			name = Release;
		};
		1BC2070D24DBEA88005215A1 /* Debug */ = {
			isa = XCBuildConfiguration;
			buildSettings = {
				ALWAYS_EMBED_SWIFT_STANDARD_LIBRARIES = YES;
				BUNDLE_LOADER = "$(TEST_HOST)";
				CODE_SIGN_STYLE = Automatic;
				DEVELOPMENT_TEAM = RS529R9N6Z;
				INFOPLIST_FILE = MISTests/Info.plist;
				IPHONEOS_DEPLOYMENT_TARGET = 13.2;
				LD_RUNPATH_SEARCH_PATHS = (
					"$(inherited)",
					"@executable_path/Frameworks",
					"@loader_path/Frameworks",
				);
				PRODUCT_BUNDLE_IDENTIFIER = com.wakralab.MISTests;
				PRODUCT_NAME = "$(TARGET_NAME)";
				SWIFT_VERSION = 5.0;
				TARGETED_DEVICE_FAMILY = "1,2";
				TEST_HOST = "$(BUILT_PRODUCTS_DIR)/MIS.app/MIS";
			};
			name = Debug;
		};
		1BC2070E24DBEA88005215A1 /* Release */ = {
			isa = XCBuildConfiguration;
			buildSettings = {
				ALWAYS_EMBED_SWIFT_STANDARD_LIBRARIES = YES;
				BUNDLE_LOADER = "$(TEST_HOST)";
				CODE_SIGN_STYLE = Automatic;
				DEVELOPMENT_TEAM = RS529R9N6Z;
				INFOPLIST_FILE = MISTests/Info.plist;
				IPHONEOS_DEPLOYMENT_TARGET = 13.2;
				LD_RUNPATH_SEARCH_PATHS = (
					"$(inherited)",
					"@executable_path/Frameworks",
					"@loader_path/Frameworks",
				);
				PRODUCT_BUNDLE_IDENTIFIER = com.wakralab.MISTests;
				PRODUCT_NAME = "$(TARGET_NAME)";
				SWIFT_VERSION = 5.0;
				TARGETED_DEVICE_FAMILY = "1,2";
				TEST_HOST = "$(BUILT_PRODUCTS_DIR)/MIS.app/MIS";
			};
			name = Release;
		};
		1BC2071024DBEA88005215A1 /* Debug */ = {
			isa = XCBuildConfiguration;
			buildSettings = {
				ALWAYS_EMBED_SWIFT_STANDARD_LIBRARIES = YES;
				CODE_SIGN_STYLE = Automatic;
				DEVELOPMENT_TEAM = RS529R9N6Z;
				INFOPLIST_FILE = MISUITests/Info.plist;
				LD_RUNPATH_SEARCH_PATHS = (
					"$(inherited)",
					"@executable_path/Frameworks",
					"@loader_path/Frameworks",
				);
				PRODUCT_BUNDLE_IDENTIFIER = com.wakralab.MISUITests;
				PRODUCT_NAME = "$(TARGET_NAME)";
				SWIFT_VERSION = 5.0;
				TARGETED_DEVICE_FAMILY = "1,2";
				TEST_TARGET_NAME = MIS;
			};
			name = Debug;
		};
		1BC2071124DBEA88005215A1 /* Release */ = {
			isa = XCBuildConfiguration;
			buildSettings = {
				ALWAYS_EMBED_SWIFT_STANDARD_LIBRARIES = YES;
				CODE_SIGN_STYLE = Automatic;
				DEVELOPMENT_TEAM = RS529R9N6Z;
				INFOPLIST_FILE = MISUITests/Info.plist;
				LD_RUNPATH_SEARCH_PATHS = (
					"$(inherited)",
					"@executable_path/Frameworks",
					"@loader_path/Frameworks",
				);
				PRODUCT_BUNDLE_IDENTIFIER = com.wakralab.MISUITests;
				PRODUCT_NAME = "$(TARGET_NAME)";
				SWIFT_VERSION = 5.0;
				TARGETED_DEVICE_FAMILY = "1,2";
				TEST_TARGET_NAME = MIS;
			};
			name = Release;
		};
/* End XCBuildConfiguration section */

/* Begin XCConfigurationList section */
		1BC206DA24DBEA85005215A1 /* Build configuration list for PBXProject "MIS" */ = {
			isa = XCConfigurationList;
			buildConfigurations = (
				1BC2070724DBEA88005215A1 /* Debug */,
				1BC2070824DBEA88005215A1 /* Release */,
			);
			defaultConfigurationIsVisible = 0;
			defaultConfigurationName = Release;
		};
		1BC2070924DBEA88005215A1 /* Build configuration list for PBXNativeTarget "MIS" */ = {
			isa = XCConfigurationList;
			buildConfigurations = (
				1BC2070A24DBEA88005215A1 /* Debug */,
				1BC2070B24DBEA88005215A1 /* Release */,
			);
			defaultConfigurationIsVisible = 0;
			defaultConfigurationName = Release;
		};
		1BC2070C24DBEA88005215A1 /* Build configuration list for PBXNativeTarget "MISTests" */ = {
			isa = XCConfigurationList;
			buildConfigurations = (
				1BC2070D24DBEA88005215A1 /* Debug */,
				1BC2070E24DBEA88005215A1 /* Release */,
			);
			defaultConfigurationIsVisible = 0;
			defaultConfigurationName = Release;
		};
		1BC2070F24DBEA88005215A1 /* Build configuration list for PBXNativeTarget "MISUITests" */ = {
			isa = XCConfigurationList;
			buildConfigurations = (
				1BC2071024DBEA88005215A1 /* Debug */,
				1BC2071124DBEA88005215A1 /* Release */,
			);
			defaultConfigurationIsVisible = 0;
			defaultConfigurationName = Release;
		};
/* End XCConfigurationList section */
	};
	rootObject = 1BC206D724DBEA85005215A1 /* Project object */;
}
